
Microsoft Visual Studio Solution File, Format Version 12.00
# Visual Studio Version 17
VisualStudioVersion = 17.3.32922.545
MinimumVisualStudioVersion = 10.0.40219.1
Project("{9A19103F-16F7-4668-BE54-9A1E7A4F7556}") = "API", "Claims\API\API.csproj", "{BDBC85A0-3315-43E2-9CE7-A70C89A56530}"
EndProject
Project("{2150E333-8FDC-42A3-9474-1A3956D46DE8}") = "Claims", "Claims", "{30F22AC0-E432-4C81-8AF8-ED9AEFF68697}"
EndProject
Project("{2150E333-8FDC-42A3-9474-1A3956D46DE8}") = "Policies", "Policies", "{34BF3547-91DD-46B9-8843-59248A86B76D}"
EndProject
Project("{9A19103F-16F7-4668-BE54-9A1E7A4F7556}") = "API", "Policies\API\API.csproj", "{AD95E397-486B-4E7F-BE82-D5CD5E34ABD5}"
EndProject
Project("{9A19103F-16F7-4668-BE54-9A1E7A4F7556}") = "Domain", "Claims\Domain\Domain.csproj", "{4200952C-1945-4341-9A54-522DC50B695F}"
EndProject
Project("{9A19103F-16F7-4668-BE54-9A1E7A4F7556}") = "Data", "Claims\Data\Data.csproj", "{D9BAADB8-2376-450C-931A-3B41CEE91D36}"
EndProject
Project("{9A19103F-16F7-4668-BE54-9A1E7A4F7556}") = "Manager", "Claims\Manager\Manager.csproj", "{24B60649-5DBC-4C2B-84C0-82EA83BCFE18}"
EndProject
Project("{2150E333-8FDC-42A3-9474-1A3956D46DE8}") = "Common", "Common", "{3F170A58-A339-461C-9A54-359F4A7BDD2B}"
EndProject
Project("{9A19103F-16F7-4668-BE54-9A1E7A4F7556}") = "Domain", "Policies\Domain\Domain\Domain.csproj", "{109D7605-0CEC-41C3-A6F0-7C12678C1DB5}"
EndProject
Project("{9A19103F-16F7-4668-BE54-9A1E7A4F7556}") = "Data", "Policies\Data\Data\Data.csproj", "{1C94FBF7-A95A-4E56-8907-39648BAD0A21}"
EndProject
Project("{9A19103F-16F7-4668-BE54-9A1E7A4F7556}") = "Manager", "Policies\Manager\Manager\Manager.csproj", "{2101694C-C089-4431-A6F7-D6D5FB9569D1}"
EndProject
Project("{9A19103F-16F7-4668-BE54-9A1E7A4F7556}") = "Errors", "Common\Errors\Errors.csproj", "{78E3B7DC-170D-426B-9E1E-4F54788F8735}"
EndProject
Project("{FAE04EC0-301F-11D3-BF4B-00C04F79EFBC}") = "Data.Tests", "Claims\Data.Tests\Data.Tests.csproj", "{444CE25D-A3BA-4043-8B0B-5EBE0FA53233}"
EndProject
Global
	GlobalSection(SolutionConfigurationPlatforms) = preSolution
		Debug|Any CPU = Debug|Any CPU
		Release|Any CPU = Release|Any CPU
	EndGlobalSection
	GlobalSection(ProjectConfigurationPlatforms) = postSolution
		{BDBC85A0-3315-43E2-9CE7-A70C89A56530}.Debug|Any CPU.ActiveCfg = Debug|Any CPU
		{BDBC85A0-3315-43E2-9CE7-A70C89A56530}.Debug|Any CPU.Build.0 = Debug|Any CPU
		{BDBC85A0-3315-43E2-9CE7-A70C89A56530}.Release|Any CPU.ActiveCfg = Release|Any CPU
		{BDBC85A0-3315-43E2-9CE7-A70C89A56530}.Release|Any CPU.Build.0 = Release|Any CPU
		{AD95E397-486B-4E7F-BE82-D5CD5E34ABD5}.Debug|Any CPU.ActiveCfg = Debug|Any CPU
		{AD95E397-486B-4E7F-BE82-D5CD5E34ABD5}.Debug|Any CPU.Build.0 = Debug|Any CPU
		{AD95E397-486B-4E7F-BE82-D5CD5E34ABD5}.Release|Any CPU.ActiveCfg = Release|Any CPU
		{AD95E397-486B-4E7F-BE82-D5CD5E34ABD5}.Release|Any CPU.Build.0 = Release|Any CPU
		{4200952C-1945-4341-9A54-522DC50B695F}.Debug|Any CPU.ActiveCfg = Debug|Any CPU
		{4200952C-1945-4341-9A54-522DC50B695F}.Debug|Any CPU.Build.0 = Debug|Any CPU
		{4200952C-1945-4341-9A54-522DC50B695F}.Release|Any CPU.ActiveCfg = Release|Any CPU
		{4200952C-1945-4341-9A54-522DC50B695F}.Release|Any CPU.Build.0 = Release|Any CPU
		{D9BAADB8-2376-450C-931A-3B41CEE91D36}.Debug|Any CPU.ActiveCfg = Debug|Any CPU
		{D9BAADB8-2376-450C-931A-3B41CEE91D36}.Debug|Any CPU.Build.0 = Debug|Any CPU
		{D9BAADB8-2376-450C-931A-3B41CEE91D36}.Release|Any CPU.ActiveCfg = Release|Any CPU
		{D9BAADB8-2376-450C-931A-3B41CEE91D36}.Release|Any CPU.Build.0 = Release|Any CPU
		{24B60649-5DBC-4C2B-84C0-82EA83BCFE18}.Debug|Any CPU.ActiveCfg = Debug|Any CPU
		{24B60649-5DBC-4C2B-84C0-82EA83BCFE18}.Debug|Any CPU.Build.0 = Debug|Any CPU
		{24B60649-5DBC-4C2B-84C0-82EA83BCFE18}.Release|Any CPU.ActiveCfg = Release|Any CPU
		{24B60649-5DBC-4C2B-84C0-82EA83BCFE18}.Release|Any CPU.Build.0 = Release|Any CPU
		{109D7605-0CEC-41C3-A6F0-7C12678C1DB5}.Debug|Any CPU.ActiveCfg = Debug|Any CPU
		{109D7605-0CEC-41C3-A6F0-7C12678C1DB5}.Debug|Any CPU.Build.0 = Debug|Any CPU
		{109D7605-0CEC-41C3-A6F0-7C12678C1DB5}.Release|Any CPU.ActiveCfg = Release|Any CPU
		{109D7605-0CEC-41C3-A6F0-7C12678C1DB5}.Release|Any CPU.Build.0 = Release|Any CPU
		{1C94FBF7-A95A-4E56-8907-39648BAD0A21}.Debug|Any CPU.ActiveCfg = Debug|Any CPU
		{1C94FBF7-A95A-4E56-8907-39648BAD0A21}.Debug|Any CPU.Build.0 = Debug|Any CPU
		{1C94FBF7-A95A-4E56-8907-39648BAD0A21}.Release|Any CPU.ActiveCfg = Release|Any CPU
		{1C94FBF7-A95A-4E56-8907-39648BAD0A21}.Release|Any CPU.Build.0 = Release|Any CPU
		{2101694C-C089-4431-A6F7-D6D5FB9569D1}.Debug|Any CPU.ActiveCfg = Debug|Any CPU
		{2101694C-C089-4431-A6F7-D6D5FB9569D1}.Debug|Any CPU.Build.0 = Debug|Any CPU
		{2101694C-C089-4431-A6F7-D6D5FB9569D1}.Release|Any CPU.ActiveCfg = Release|Any CPU
		{2101694C-C089-4431-A6F7-D6D5FB9569D1}.Release|Any CPU.Build.0 = Release|Any CPU
		{78E3B7DC-170D-426B-9E1E-4F54788F8735}.Debug|Any CPU.ActiveCfg = Debug|Any CPU
		{78E3B7DC-170D-426B-9E1E-4F54788F8735}.Debug|Any CPU.Build.0 = Debug|Any CPU
		{78E3B7DC-170D-426B-9E1E-4F54788F8735}.Release|Any CPU.ActiveCfg = Release|Any CPU
		{78E3B7DC-170D-426B-9E1E-4F54788F8735}.Release|Any CPU.Build.0 = Release|Any CPU
		{444CE25D-A3BA-4043-8B0B-5EBE0FA53233}.Debug|Any CPU.ActiveCfg = Debug|Any CPU
		{444CE25D-A3BA-4043-8B0B-5EBE0FA53233}.Debug|Any CPU.Build.0 = Debug|Any CPU
		{444CE25D-A3BA-4043-8B0B-5EBE0FA53233}.Release|Any CPU.ActiveCfg = Release|Any CPU
		{444CE25D-A3BA-4043-8B0B-5EBE0FA53233}.Release|Any CPU.Build.0 = Release|Any CPU
	EndGlobalSection
	GlobalSection(SolutionProperties) = preSolution
		HideSolutionNode = FALSE
	EndGlobalSection
	GlobalSection(NestedProjects) = preSolution
		{BDBC85A0-3315-43E2-9CE7-A70C89A56530} = {30F22AC0-E432-4C81-8AF8-ED9AEFF68697}
		{AD95E397-486B-4E7F-BE82-D5CD5E34ABD5} = {34BF3547-91DD-46B9-8843-59248A86B76D}
		{4200952C-1945-4341-9A54-522DC50B695F} = {30F22AC0-E432-4C81-8AF8-ED9AEFF68697}
		{D9BAADB8-2376-450C-931A-3B41CEE91D36} = {30F22AC0-E432-4C81-8AF8-ED9AEFF68697}
		{24B60649-5DBC-4C2B-84C0-82EA83BCFE18} = {30F22AC0-E432-4C81-8AF8-ED9AEFF68697}
		{109D7605-0CEC-41C3-A6F0-7C12678C1DB5} = {34BF3547-91DD-46B9-8843-59248A86B76D}
		{1C94FBF7-A95A-4E56-8907-39648BAD0A21} = {34BF3547-91DD-46B9-8843-59248A86B76D}
		{2101694C-C089-4431-A6F7-D6D5FB9569D1} = {34BF3547-91DD-46B9-8843-59248A86B76D}
		{78E3B7DC-170D-426B-9E1E-4F54788F8735} = {3F170A58-A339-461C-9A54-359F4A7BDD2B}
		{444CE25D-A3BA-4043-8B0B-5EBE0FA53233} = {30F22AC0-E432-4C81-8AF8-ED9AEFF68697}
	EndGlobalSection
	GlobalSection(ExtensibilityGlobals) = postSolution
		SolutionGuid = {FB691643-6BD7-4354-AA67-1D8E3EA0FE74}
	EndGlobalSection
EndGlobal
